
Microsoft Visual Studio Solution File, Format Version 12.00
# Visual Studio Version 17
VisualStudioVersion = 17.3.32929.385
MinimumVisualStudioVersion = 10.0.40219.1
Project("{FAE04EC0-301F-11D3-BF4B-00C04F79EFBC}") = "HushållsekonomiUppgift", "HushållsekonomiUppgift\HushållsekonomiUppgift.csproj", "{5610FD75-601E-46A7-9401-13113532A3EC}"
EndProject
Global
	GlobalSection(SolutionConfigurationPlatforms) = preSolution
		Debug|Any CPU = Debug|Any CPU
		Release|Any CPU = Release|Any CPU
	EndGlobalSection
	GlobalSection(ProjectConfigurationPlatforms) = postSolution
		{5610FD75-601E-46A7-9401-13113532A3EC}.Debug|Any CPU.ActiveCfg = Debug|Any CPU
		{5610FD75-601E-46A7-9401-13113532A3EC}.Debug|Any CPU.Build.0 = Debug|Any CPU
		{5610FD75-601E-46A7-9401-13113532A3EC}.Release|Any CPU.ActiveCfg = Release|Any CPU
		{5610FD75-601E-46A7-9401-13113532A3EC}.Release|Any CPU.Build.0 = Release|Any CPU
	EndGlobalSection
	GlobalSection(SolutionProperties) = preSolution
		HideSolutionNode = FALSE
	EndGlobalSection
	GlobalSection(ExtensibilityGlobals) = postSolution
		SolutionGuid = {8B6A0CC6-C985-44E8-81CD-C072A095319F}
	EndGlobalSection
EndGlobal
